
Microsoft Visual Studio Solution File, Format Version 12.00
# Visual Studio Version 17
VisualStudioVersion = 17.5.33103.201
MinimumVisualStudioVersion = 10.0.40219.1
Project("{2150E333-8FDC-42A3-9474-1A3956D46DE8}") = "Solution Items", "Solution Items", "{57E55DFA-A473-40E8-9723-234ECD012F77}"
	ProjectSection(SolutionItems) = preProject
		metadata.json = metadata.json
		README.md = README.md
	EndProjectSection
EndProject
Project("{9A19103F-16F7-4668-BE54-9A1E7A4F7556}") = "VRCFaceTracking.Core", "..\VRCFaceTracking\VRCFaceTracking.Core\VRCFaceTracking.Core.csproj", "{EE52D02D-BC46-41F2-97DE-CDC09017D7A9}"
EndProject
Project("{9A19103F-16F7-4668-BE54-9A1E7A4F7556}") = "Pico4SAFTExtTrackingModule", "PicoStreamingAssistantFTUDP\Pico4SAFTExtTrackingModule.csproj", "{C5FDC7A7-FBA2-46F2-968C-FF81A57C1ED8}"
EndProject
Project("{FAE04EC0-301F-11D3-BF4B-00C04F79EFBC}") = "PicoStreamingAssistantFTTests", "PicoStreamingAssistantFTTests\PicoStreamingAssistantFTTests.csproj", "{C4623909-EA05-45B7-B949-31ECB715EA2F}"
EndProject
Global
	GlobalSection(SolutionConfigurationPlatforms) = preSolution
		Debug|Any CPU = Debug|Any CPU
		Debug|arm64 = Debug|arm64
		Debug|x64 = Debug|x64
		Debug|x86 = Debug|x86
		Release|Any CPU = Release|Any CPU
		Release|arm64 = Release|arm64
		Release|x64 = Release|x64
		Release|x86 = Release|x86
	EndGlobalSection
	GlobalSection(ProjectConfigurationPlatforms) = postSolution
		{EE52D02D-BC46-41F2-97DE-CDC09017D7A9}.Debug|Any CPU.ActiveCfg = Debug|Any CPU
		{EE52D02D-BC46-41F2-97DE-CDC09017D7A9}.Debug|Any CPU.Build.0 = Debug|Any CPU
		{EE52D02D-BC46-41F2-97DE-CDC09017D7A9}.Debug|arm64.ActiveCfg = Debug|arm64
		{EE52D02D-BC46-41F2-97DE-CDC09017D7A9}.Debug|arm64.Build.0 = Debug|arm64
		{EE52D02D-BC46-41F2-97DE-CDC09017D7A9}.Debug|x64.ActiveCfg = Debug|x64
		{EE52D02D-BC46-41F2-97DE-CDC09017D7A9}.Debug|x64.Build.0 = Debug|x64
		{EE52D02D-BC46-41F2-97DE-CDC09017D7A9}.Debug|x86.ActiveCfg = Debug|x86
		{EE52D02D-BC46-41F2-97DE-CDC09017D7A9}.Debug|x86.Build.0 = Debug|x86
		{EE52D02D-BC46-41F2-97DE-CDC09017D7A9}.Release|Any CPU.ActiveCfg = Release|Any CPU
		{EE52D02D-BC46-41F2-97DE-CDC09017D7A9}.Release|Any CPU.Build.0 = Release|Any CPU
		{EE52D02D-BC46-41F2-97DE-CDC09017D7A9}.Release|arm64.ActiveCfg = Release|arm64
		{EE52D02D-BC46-41F2-97DE-CDC09017D7A9}.Release|arm64.Build.0 = Release|arm64
		{EE52D02D-BC46-41F2-97DE-CDC09017D7A9}.Release|x64.ActiveCfg = Release|x64
		{EE52D02D-BC46-41F2-97DE-CDC09017D7A9}.Release|x64.Build.0 = Release|x64
		{EE52D02D-BC46-41F2-97DE-CDC09017D7A9}.Release|x86.ActiveCfg = Release|x86
		{EE52D02D-BC46-41F2-97DE-CDC09017D7A9}.Release|x86.Build.0 = Release|x86
		{C5FDC7A7-FBA2-46F2-968C-FF81A57C1ED8}.Debug|Any CPU.ActiveCfg = Debug|Any CPU
		{C5FDC7A7-FBA2-46F2-968C-FF81A57C1ED8}.Debug|Any CPU.Build.0 = Debug|Any CPU
		{C5FDC7A7-FBA2-46F2-968C-FF81A57C1ED8}.Debug|arm64.ActiveCfg = Debug|Any CPU
		{C5FDC7A7-FBA2-46F2-968C-FF81A57C1ED8}.Debug|arm64.Build.0 = Debug|Any CPU
		{C5FDC7A7-FBA2-46F2-968C-FF81A57C1ED8}.Debug|x64.ActiveCfg = Debug|Any CPU
		{C5FDC7A7-FBA2-46F2-968C-FF81A57C1ED8}.Debug|x64.Build.0 = Debug|Any CPU
		{C5FDC7A7-FBA2-46F2-968C-FF81A57C1ED8}.Debug|x86.ActiveCfg = Debug|Any CPU
		{C5FDC7A7-FBA2-46F2-968C-FF81A57C1ED8}.Debug|x86.Build.0 = Debug|Any CPU
		{C5FDC7A7-FBA2-46F2-968C-FF81A57C1ED8}.Release|Any CPU.ActiveCfg = Release|Any CPU
		{C5FDC7A7-FBA2-46F2-968C-FF81A57C1ED8}.Release|Any CPU.Build.0 = Release|Any CPU
		{C5FDC7A7-FBA2-46F2-968C-FF81A57C1ED8}.Release|arm64.ActiveCfg = Release|Any CPU
		{C5FDC7A7-FBA2-46F2-968C-FF81A57C1ED8}.Release|arm64.Build.0 = Release|Any CPU
		{C5FDC7A7-FBA2-46F2-968C-FF81A57C1ED8}.Release|x64.ActiveCfg = Release|Any CPU
		{C5FDC7A7-FBA2-46F2-968C-FF81A57C1ED8}.Release|x64.Build.0 = Release|Any CPU
		{C5FDC7A7-FBA2-46F2-968C-FF81A57C1ED8}.Release|x86.ActiveCfg = Release|Any CPU
		{C5FDC7A7-FBA2-46F2-968C-FF81A57C1ED8}.Release|x86.Build.0 = Release|Any CPU
		{C4623909-EA05-45B7-B949-31ECB715EA2F}.Debug|Any CPU.ActiveCfg = Debug|Any CPU
		{C4623909-EA05-45B7-B949-31ECB715EA2F}.Debug|Any CPU.Build.0 = Debug|Any CPU
		{C4623909-EA05-45B7-B949-31ECB715EA2F}.Debug|arm64.ActiveCfg = Debug|Any CPU
		{C4623909-EA05-45B7-B949-31ECB715EA2F}.Debug|arm64.Build.0 = Debug|Any CPU
		{C4623909-EA05-45B7-B949-31ECB715EA2F}.Debug|x64.ActiveCfg = Debug|Any CPU
		{C4623909-EA05-45B7-B949-31ECB715EA2F}.Debug|x64.Build.0 = Debug|Any CPU
		{C4623909-EA05-45B7-B949-31ECB715EA2F}.Debug|x86.ActiveCfg = Debug|Any CPU
		{C4623909-EA05-45B7-B949-31ECB715EA2F}.Debug|x86.Build.0 = Debug|Any CPU
		{C4623909-EA05-45B7-B949-31ECB715EA2F}.Release|Any CPU.ActiveCfg = Release|Any CPU
		{C4623909-EA05-45B7-B949-31ECB715EA2F}.Release|Any CPU.Build.0 = Release|Any CPU
		{C4623909-EA05-45B7-B949-31ECB715EA2F}.Release|arm64.ActiveCfg = Release|Any CPU
		{C4623909-EA05-45B7-B949-31ECB715EA2F}.Release|arm64.Build.0 = Release|Any CPU
		{C4623909-EA05-45B7-B949-31ECB715EA2F}.Release|x64.ActiveCfg = Release|Any CPU
		{C4623909-EA05-45B7-B949-31ECB715EA2F}.Release|x64.Build.0 = Release|Any CPU
		{C4623909-EA05-45B7-B949-31ECB715EA2F}.Release|x86.ActiveCfg = Release|Any CPU
		{C4623909-EA05-45B7-B949-31ECB715EA2F}.Release|x86.Build.0 = Release|Any CPU
	EndGlobalSection
	GlobalSection(SolutionProperties) = preSolution
		HideSolutionNode = FALSE
	EndGlobalSection
	GlobalSection(ExtensibilityGlobals) = postSolution
		SolutionGuid = {C4EADD75-2FAA-4066-A560-2B9590767E01}
	EndGlobalSection
EndGlobal
