
Microsoft Visual Studio Solution File, Format Version 12.00
# Visual Studio Version 17
VisualStudioVersion = 17.5.33103.201
MinimumVisualStudioVersion = 10.0.40219.1
Project("{9A19103F-16F7-4668-BE54-9A1E7A4F7556}") = "VRCFaceTracking.Core", "..\VRCFaceTracking\VRCFaceTracking.Core\VRCFaceTracking.Core.csproj", "{EE52D02D-BC46-41F2-97DE-CDC09017D7A9}"
EndProject
Project("{9A19103F-16F7-4668-BE54-9A1E7A4F7556}") = "Pico4SAFTExtTrackingModule", "PicoStreamingAssistantFTUDP\Pico4SAFTExtTrackingModule.csproj", "{C5FDC7A7-FBA2-46F2-968C-FF81A57C1ED8}"
EndProject
Project("{9A19103F-16F7-4668-BE54-9A1E7A4F7556}") = "PicoStreamingAssistantFTTests", "PicoStreamingAssistantFTTests\PicoStreamingAssistantFTTests.csproj", "{C4623909-EA05-45B7-B949-31ECB715EA2F}"
EndProject
Global
	GlobalSection(SolutionConfigurationPlatforms) = preSolution
		Debug|x64 = Debug|x64
		Release|x64 = Release|x64
	EndGlobalSection
	GlobalSection(ProjectConfigurationPlatforms) = postSolution
		{EE52D02D-BC46-41F2-97DE-CDC09017D7A9}.Debug|x64.ActiveCfg = Debug|x64
		{EE52D02D-BC46-41F2-97DE-CDC09017D7A9}.Debug|x64.Build.0 = Debug|x64
		{EE52D02D-BC46-41F2-97DE-CDC09017D7A9}.Release|x64.ActiveCfg = Release|x64
		{EE52D02D-BC46-41F2-97DE-CDC09017D7A9}.Release|x64.Build.0 = Release|x64
		{C5FDC7A7-FBA2-46F2-968C-FF81A57C1ED8}.Debug|x64.ActiveCfg = Debug|x64
		{C5FDC7A7-FBA2-46F2-968C-FF81A57C1ED8}.Debug|x64.Build.0 = Debug|x64
		{C5FDC7A7-FBA2-46F2-968C-FF81A57C1ED8}.Release|x64.ActiveCfg = Release|x64
		{C5FDC7A7-FBA2-46F2-968C-FF81A57C1ED8}.Release|x64.Build.0 = Release|x64
		{C4623909-EA05-45B7-B949-31ECB715EA2F}.Debug|x64.ActiveCfg = Debug|x64
		{C4623909-EA05-45B7-B949-31ECB715EA2F}.Debug|x64.Build.0 = Debug|x64
		{C4623909-EA05-45B7-B949-31ECB715EA2F}.Release|x64.ActiveCfg = Release|x64
		{C4623909-EA05-45B7-B949-31ECB715EA2F}.Release|x64.Build.0 = Release|x64
	EndGlobalSection
	GlobalSection(SolutionProperties) = preSolution
		HideSolutionNode = FALSE
	EndGlobalSection
	GlobalSection(ExtensibilityGlobals) = postSolution
		SolutionGuid = {C4EADD75-2FAA-4066-A560-2B9590767E01}
	EndGlobalSection
EndGlobal
